
Microsoft Visual Studio Solution File, Format Version 12.00
# Visual Studio Version 17
VisualStudioVersion = 17.9.34728.123
MinimumVisualStudioVersion = 10.0.40219.1
Project("{FAE04EC0-301F-11D3-BF4B-00C04F79EFBC}") = "IntroduccionABoostrap", "IntroduccionABoostrap\IntroduccionABoostrap.csproj", "{C1A4336D-B2B7-4C32-A8F5-AFB0B46E81E0}"
EndProject
Global
	GlobalSection(SolutionConfigurationPlatforms) = preSolution
		Debug|Any CPU = Debug|Any CPU
		Release|Any CPU = Release|Any CPU
	EndGlobalSection
	GlobalSection(ProjectConfigurationPlatforms) = postSolution
		{C1A4336D-B2B7-4C32-A8F5-AFB0B46E81E0}.Debug|Any CPU.ActiveCfg = Debug|Any CPU
		{C1A4336D-B2B7-4C32-A8F5-AFB0B46E81E0}.Debug|Any CPU.Build.0 = Debug|Any CPU
		{C1A4336D-B2B7-4C32-A8F5-AFB0B46E81E0}.Release|Any CPU.ActiveCfg = Release|Any CPU
		{C1A4336D-B2B7-4C32-A8F5-AFB0B46E81E0}.Release|Any CPU.Build.0 = Release|Any CPU
	EndGlobalSection
	GlobalSection(SolutionProperties) = preSolution
		HideSolutionNode = FALSE
	EndGlobalSection
	GlobalSection(ExtensibilityGlobals) = postSolution
		SolutionGuid = {D4E592C9-F573-4F3A-A922-75CA064DB604}
	EndGlobalSection
EndGlobal
