
Microsoft Visual Studio Solution File, Format Version 12.00
# Visual Studio Version 17
VisualStudioVersion = 17.9.34728.123
MinimumVisualStudioVersion = 10.0.40219.1
Project("{FAE04EC0-301F-11D3-BF4B-00C04F79EFBC}") = "ManejoPresupuesto", "ManejoPresupuesto\ManejoPresupuesto.csproj", "{6BC8BF83-7C25-40FE-B54F-50EC17C1C9BE}"
EndProject
Global
	GlobalSection(SolutionConfigurationPlatforms) = preSolution
		Debug|Any CPU = Debug|Any CPU
		Release|Any CPU = Release|Any CPU
	EndGlobalSection
	GlobalSection(ProjectConfigurationPlatforms) = postSolution
		{6BC8BF83-7C25-40FE-B54F-50EC17C1C9BE}.Debug|Any CPU.ActiveCfg = Debug|Any CPU
		{6BC8BF83-7C25-40FE-B54F-50EC17C1C9BE}.Debug|Any CPU.Build.0 = Debug|Any CPU
		{6BC8BF83-7C25-40FE-B54F-50EC17C1C9BE}.Release|Any CPU.ActiveCfg = Release|Any CPU
		{6BC8BF83-7C25-40FE-B54F-50EC17C1C9BE}.Release|Any CPU.Build.0 = Release|Any CPU
	EndGlobalSection
	GlobalSection(SolutionProperties) = preSolution
		HideSolutionNode = FALSE
	EndGlobalSection
	GlobalSection(ExtensibilityGlobals) = postSolution
		SolutionGuid = {D17EB32E-D37B-4721-8E6F-E8EB0C5710F6}
	EndGlobalSection
EndGlobal
